
Microsoft Visual Studio Solution File, Format Version 12.00
# Visual Studio Version 16
VisualStudioVersion = 16.0.36631.11
MinimumVisualStudioVersion = 10.0.40219.1
Project("{8BC9CEB8-8B4A-11D0-8D11-00A0C91BC942}") = "OfficeClash", "OfficeClash\OfficeClash.vcxproj", "{CB6070CB-BB9B-4697-8BE4-D35C58B4F3E1}"
	ProjectSection(ProjectDependencies) = postProject
		{BDDE071D-8953-4194-AE0F-19BEFE6E55D9} = {BDDE071D-8953-4194-AE0F-19BEFE6E55D9}
		{643B292E-95EC-4BDC-9948-F51AE49D3A5A} = {643B292E-95EC-4BDC-9948-F51AE49D3A5A}
		{AD7E3679-4885-41AB-8482-87005D064970} = {AD7E3679-4885-41AB-8482-87005D064970}
		{9C4C83D0-2695-4EEE-B586-4A6BF1362DFF} = {9C4C83D0-2695-4EEE-B586-4A6BF1362DFF}
	EndProjectSection
EndProject
Project("{8BC9CEB8-8B4A-11D0-8D11-00A0C91BC942}") = "Server", "Server\Server.vcxproj", "{0DB0D2D8-1350-4E18-97DA-86B7C67553B8}"
EndProject
Project("{8BC9CEB8-8B4A-11D0-8D11-00A0C91BC942}") = "Client", "Client\Client.vcxproj", "{643B292E-95EC-4BDC-9948-F51AE49D3A5A}"
EndProject
Project("{8BC9CEB8-8B4A-11D0-8D11-00A0C91BC942}") = "Physics", "Physics\Physics.vcxproj", "{BDDE071D-8953-4194-AE0F-19BEFE6E55D9}"
EndProject
Project("{8BC9CEB8-8B4A-11D0-8D11-00A0C91BC942}") = "EngineCore", "EngineCore\EngineCore.vcxproj", "{AD7E3679-4885-41AB-8482-87005D064970}"
EndProject
Project("{8BC9CEB8-8B4A-11D0-8D11-00A0C91BC942}") = "Shared", "Shared\Shared.vcxproj", "{9C4C83D0-2695-4EEE-B586-4A6BF1362DFF}"
EndProject
Project("{2150E333-8FDC-42A3-9474-1A3956D46DE8}") = "Solution Items", "Solution Items", "{E725D82B-000E-422B-8D4D-5247ED4AB42C}"
	ProjectSection(SolutionItems) = preProject
		.gitignore = .gitignore
		gitignore.txt = gitignore.txt
	EndProjectSection
EndProject
Global
	GlobalSection(SolutionConfigurationPlatforms) = preSolution
		Debug|ARM = Debug|ARM
		Debug|ARM64 = Debug|ARM64
		Debug|x64 = Debug|x64
		Debug|x86 = Debug|x86
		Release|ARM = Release|ARM
		Release|ARM64 = Release|ARM64
		Release|x64 = Release|x64
		Release|x86 = Release|x86
	EndGlobalSection
	GlobalSection(ProjectConfigurationPlatforms) = postSolution
		{CB6070CB-BB9B-4697-8BE4-D35C58B4F3E1}.Debug|ARM.ActiveCfg = Debug|Win32
		{CB6070CB-BB9B-4697-8BE4-D35C58B4F3E1}.Debug|ARM64.ActiveCfg = Debug|Win32
		{CB6070CB-BB9B-4697-8BE4-D35C58B4F3E1}.Debug|x64.ActiveCfg = Debug|x64
		{CB6070CB-BB9B-4697-8BE4-D35C58B4F3E1}.Debug|x64.Build.0 = Debug|x64
		{CB6070CB-BB9B-4697-8BE4-D35C58B4F3E1}.Debug|x86.ActiveCfg = Debug|Win32
		{CB6070CB-BB9B-4697-8BE4-D35C58B4F3E1}.Debug|x86.Build.0 = Debug|Win32
		{CB6070CB-BB9B-4697-8BE4-D35C58B4F3E1}.Release|ARM.ActiveCfg = Release|Win32
		{CB6070CB-BB9B-4697-8BE4-D35C58B4F3E1}.Release|ARM64.ActiveCfg = Release|Win32
		{CB6070CB-BB9B-4697-8BE4-D35C58B4F3E1}.Release|x64.ActiveCfg = Release|x64
		{CB6070CB-BB9B-4697-8BE4-D35C58B4F3E1}.Release|x64.Build.0 = Release|x64
		{CB6070CB-BB9B-4697-8BE4-D35C58B4F3E1}.Release|x86.ActiveCfg = Release|Win32
		{CB6070CB-BB9B-4697-8BE4-D35C58B4F3E1}.Release|x86.Build.0 = Release|Win32
		{0DB0D2D8-1350-4E18-97DA-86B7C67553B8}.Debug|ARM.ActiveCfg = Debug|Win32
		{0DB0D2D8-1350-4E18-97DA-86B7C67553B8}.Debug|ARM64.ActiveCfg = Debug|Win32
		{0DB0D2D8-1350-4E18-97DA-86B7C67553B8}.Debug|x64.ActiveCfg = Debug|x64
		{0DB0D2D8-1350-4E18-97DA-86B7C67553B8}.Debug|x64.Build.0 = Debug|x64
		{0DB0D2D8-1350-4E18-97DA-86B7C67553B8}.Debug|x86.ActiveCfg = Debug|Win32
		{0DB0D2D8-1350-4E18-97DA-86B7C67553B8}.Debug|x86.Build.0 = Debug|Win32
		{0DB0D2D8-1350-4E18-97DA-86B7C67553B8}.Release|ARM.ActiveCfg = Release|Win32
		{0DB0D2D8-1350-4E18-97DA-86B7C67553B8}.Release|ARM64.ActiveCfg = Release|Win32
		{0DB0D2D8-1350-4E18-97DA-86B7C67553B8}.Release|x64.ActiveCfg = Release|x64
		{0DB0D2D8-1350-4E18-97DA-86B7C67553B8}.Release|x64.Build.0 = Release|x64
		{0DB0D2D8-1350-4E18-97DA-86B7C67553B8}.Release|x86.ActiveCfg = Release|Win32
		{0DB0D2D8-1350-4E18-97DA-86B7C67553B8}.Release|x86.Build.0 = Release|Win32
		{643B292E-95EC-4BDC-9948-F51AE49D3A5A}.Debug|ARM.ActiveCfg = Debug|Win32
		{643B292E-95EC-4BDC-9948-F51AE49D3A5A}.Debug|ARM64.ActiveCfg = Debug|Win32
		{643B292E-95EC-4BDC-9948-F51AE49D3A5A}.Debug|x64.ActiveCfg = Debug|x64
		{643B292E-95EC-4BDC-9948-F51AE49D3A5A}.Debug|x64.Build.0 = Debug|x64
		{643B292E-95EC-4BDC-9948-F51AE49D3A5A}.Debug|x86.ActiveCfg = Debug|Win32
		{643B292E-95EC-4BDC-9948-F51AE49D3A5A}.Debug|x86.Build.0 = Debug|Win32
		{643B292E-95EC-4BDC-9948-F51AE49D3A5A}.Release|ARM.ActiveCfg = Release|Win32
		{643B292E-95EC-4BDC-9948-F51AE49D3A5A}.Release|ARM64.ActiveCfg = Release|Win32
		{643B292E-95EC-4BDC-9948-F51AE49D3A5A}.Release|x64.ActiveCfg = Release|x64
		{643B292E-95EC-4BDC-9948-F51AE49D3A5A}.Release|x64.Build.0 = Release|x64
		{643B292E-95EC-4BDC-9948-F51AE49D3A5A}.Release|x86.ActiveCfg = Release|Win32
		{643B292E-95EC-4BDC-9948-F51AE49D3A5A}.Release|x86.Build.0 = Release|Win32
		{BDDE071D-8953-4194-AE0F-19BEFE6E55D9}.Debug|ARM.ActiveCfg = Debug|Win32
		{BDDE071D-8953-4194-AE0F-19BEFE6E55D9}.Debug|ARM64.ActiveCfg = Debug|Win32
		{BDDE071D-8953-4194-AE0F-19BEFE6E55D9}.Debug|x64.ActiveCfg = Debug|x64
		{BDDE071D-8953-4194-AE0F-19BEFE6E55D9}.Debug|x64.Build.0 = Debug|x64
		{BDDE071D-8953-4194-AE0F-19BEFE6E55D9}.Debug|x86.ActiveCfg = Debug|Win32
		{BDDE071D-8953-4194-AE0F-19BEFE6E55D9}.Debug|x86.Build.0 = Debug|Win32
		{BDDE071D-8953-4194-AE0F-19BEFE6E55D9}.Release|ARM.ActiveCfg = Release|Win32
		{BDDE071D-8953-4194-AE0F-19BEFE6E55D9}.Release|ARM64.ActiveCfg = Release|Win32
		{BDDE071D-8953-4194-AE0F-19BEFE6E55D9}.Release|x64.ActiveCfg = Release|x64
		{BDDE071D-8953-4194-AE0F-19BEFE6E55D9}.Release|x64.Build.0 = Release|x64
		{BDDE071D-8953-4194-AE0F-19BEFE6E55D9}.Release|x86.ActiveCfg = Release|Win32
		{BDDE071D-8953-4194-AE0F-19BEFE6E55D9}.Release|x86.Build.0 = Release|Win32
		{AD7E3679-4885-41AB-8482-87005D064970}.Debug|ARM.ActiveCfg = Debug|Win32
		{AD7E3679-4885-41AB-8482-87005D064970}.Debug|ARM64.ActiveCfg = Debug|Win32
		{AD7E3679-4885-41AB-8482-87005D064970}.Debug|x64.ActiveCfg = Debug|x64
		{AD7E3679-4885-41AB-8482-87005D064970}.Debug|x64.Build.0 = Debug|x64
		{AD7E3679-4885-41AB-8482-87005D064970}.Debug|x86.ActiveCfg = Debug|Win32
		{AD7E3679-4885-41AB-8482-87005D064970}.Debug|x86.Build.0 = Debug|Win32
		{AD7E3679-4885-41AB-8482-87005D064970}.Release|ARM.ActiveCfg = Release|Win32
		{AD7E3679-4885-41AB-8482-87005D064970}.Release|ARM64.ActiveCfg = Release|Win32
		{AD7E3679-4885-41AB-8482-87005D064970}.Release|x64.ActiveCfg = Release|x64
		{AD7E3679-4885-41AB-8482-87005D064970}.Release|x64.Build.0 = Release|x64
		{AD7E3679-4885-41AB-8482-87005D064970}.Release|x86.ActiveCfg = Release|Win32
		{AD7E3679-4885-41AB-8482-87005D064970}.Release|x86.Build.0 = Release|Win32
		{9C4C83D0-2695-4EEE-B586-4A6BF1362DFF}.Debug|ARM.ActiveCfg = Debug|Win32
		{9C4C83D0-2695-4EEE-B586-4A6BF1362DFF}.Debug|ARM64.ActiveCfg = Debug|Win32
		{9C4C83D0-2695-4EEE-B586-4A6BF1362DFF}.Debug|x64.ActiveCfg = Debug|x64
		{9C4C83D0-2695-4EEE-B586-4A6BF1362DFF}.Debug|x64.Build.0 = Debug|x64
		{9C4C83D0-2695-4EEE-B586-4A6BF1362DFF}.Debug|x86.ActiveCfg = Debug|Win32
		{9C4C83D0-2695-4EEE-B586-4A6BF1362DFF}.Debug|x86.Build.0 = Debug|Win32
		{9C4C83D0-2695-4EEE-B586-4A6BF1362DFF}.Release|ARM.ActiveCfg = Release|Win32
		{9C4C83D0-2695-4EEE-B586-4A6BF1362DFF}.Release|ARM64.ActiveCfg = Release|Win32
		{9C4C83D0-2695-4EEE-B586-4A6BF1362DFF}.Release|x64.ActiveCfg = Release|x64
		{9C4C83D0-2695-4EEE-B586-4A6BF1362DFF}.Release|x64.Build.0 = Release|x64
		{9C4C83D0-2695-4EEE-B586-4A6BF1362DFF}.Release|x86.ActiveCfg = Release|Win32
		{9C4C83D0-2695-4EEE-B586-4A6BF1362DFF}.Release|x86.Build.0 = Release|Win32
	EndGlobalSection
	GlobalSection(SolutionProperties) = preSolution
		HideSolutionNode = FALSE
	EndGlobalSection
	GlobalSection(ExtensibilityGlobals) = postSolution
		SolutionGuid = {EBDA7D54-1E89-4D7B-9507-9871E8F0AB24}
	EndGlobalSection
EndGlobal
